
Microsoft Visual Studio Solution File, Format Version 12.00
# Visual Studio Version 16
VisualStudioVersion = 16.0.30503.244
MinimumVisualStudioVersion = 10.0.40219.1
Project("{8BC9CEB8-8B4A-11D0-8D11-00A0C91BC942}") = "task01", "task01\task01.vcxproj", "{F38BCCCC-6955-4C1F-BA34-F9CE5EDC4BD2}"
EndProject
Project("{8BC9CEB8-8B4A-11D0-8D11-00A0C91BC942}") = "task02", "task02\task02.vcxproj", "{18B1BD72-D1DC-443C-973B-7744495DC84C}"
EndProject
Global
	GlobalSection(SolutionConfigurationPlatforms) = preSolution
		Debug|x64 = Debug|x64
		Debug|x86 = Debug|x86
		Release|x64 = Release|x64
		Release|x86 = Release|x86
	EndGlobalSection
	GlobalSection(ProjectConfigurationPlatforms) = postSolution
		{F38BCCCC-6955-4C1F-BA34-F9CE5EDC4BD2}.Debug|x64.ActiveCfg = Debug|x64
		{F38BCCCC-6955-4C1F-BA34-F9CE5EDC4BD2}.Debug|x64.Build.0 = Debug|x64
		{F38BCCCC-6955-4C1F-BA34-F9CE5EDC4BD2}.Debug|x86.ActiveCfg = Debug|Win32
		{F38BCCCC-6955-4C1F-BA34-F9CE5EDC4BD2}.Debug|x86.Build.0 = Debug|Win32
		{F38BCCCC-6955-4C1F-BA34-F9CE5EDC4BD2}.Release|x64.ActiveCfg = Release|x64
		{F38BCCCC-6955-4C1F-BA34-F9CE5EDC4BD2}.Release|x64.Build.0 = Release|x64
		{F38BCCCC-6955-4C1F-BA34-F9CE5EDC4BD2}.Release|x86.ActiveCfg = Release|Win32
		{F38BCCCC-6955-4C1F-BA34-F9CE5EDC4BD2}.Release|x86.Build.0 = Release|Win32
		{18B1BD72-D1DC-443C-973B-7744495DC84C}.Debug|x64.ActiveCfg = Debug|x64
		{18B1BD72-D1DC-443C-973B-7744495DC84C}.Debug|x64.Build.0 = Debug|x64
		{18B1BD72-D1DC-443C-973B-7744495DC84C}.Debug|x86.ActiveCfg = Debug|Win32
		{18B1BD72-D1DC-443C-973B-7744495DC84C}.Debug|x86.Build.0 = Debug|Win32
		{18B1BD72-D1DC-443C-973B-7744495DC84C}.Release|x64.ActiveCfg = Release|x64
		{18B1BD72-D1DC-443C-973B-7744495DC84C}.Release|x64.Build.0 = Release|x64
		{18B1BD72-D1DC-443C-973B-7744495DC84C}.Release|x86.ActiveCfg = Release|Win32
		{18B1BD72-D1DC-443C-973B-7744495DC84C}.Release|x86.Build.0 = Release|Win32
	EndGlobalSection
	GlobalSection(SolutionProperties) = preSolution
		HideSolutionNode = FALSE
	EndGlobalSection
	GlobalSection(ExtensibilityGlobals) = postSolution
		SolutionGuid = {AEEC3D0C-FBED-41E7-B493-B3B43D2C55E1}
	EndGlobalSection
EndGlobal
